
Microsoft Visual Studio Solution File, Format Version 12.00
# Visual Studio 2012
Project("{FAE04EC0-301F-11D3-BF4B-00C04F79EFBC}") = "Exercise 4", "Exercise 4\Exercise 4.csproj", "{996FCE6C-7AE9-434B-8B75-5E1CD6A8C584}"
EndProject
Global
	GlobalSection(SolutionConfigurationPlatforms) = preSolution
		Debug|Any CPU = Debug|Any CPU
		Release|Any CPU = Release|Any CPU
	EndGlobalSection
	GlobalSection(ProjectConfigurationPlatforms) = postSolution
		{996FCE6C-7AE9-434B-8B75-5E1CD6A8C584}.Debug|Any CPU.ActiveCfg = Debug|Any CPU
		{996FCE6C-7AE9-434B-8B75-5E1CD6A8C584}.Debug|Any CPU.Build.0 = Debug|Any CPU
		{996FCE6C-7AE9-434B-8B75-5E1CD6A8C584}.Release|Any CPU.ActiveCfg = Release|Any CPU
		{996FCE6C-7AE9-434B-8B75-5E1CD6A8C584}.Release|Any CPU.Build.0 = Release|Any CPU
	EndGlobalSection
	GlobalSection(SolutionProperties) = preSolution
		HideSolutionNode = FALSE
	EndGlobalSection
EndGlobal
